// !$*UTF8*$!
{
	archiveVersion = 1;
	classes = {
	};
	objectVersion = 77;
	objects = {

/* Begin PBXBuildFile section */
		A1C6DEEF2E33EA4D00E81A9E /* WidgetKit.framework in Frameworks */ = {isa = PBXBuildFile; fileRef = A1C6DEEE2E33EA4D00E81A9E /* WidgetKit.framework */; };
		A1C6DEF12E33EA4D00E81A9E /* SwiftUI.framework in Frameworks */ = {isa = PBXBuildFile; fileRef = A1C6DEF02E33EA4D00E81A9E /* SwiftUI.framework */; };
		A1C6DF022E33EA4F00E81A9E /* SubTrackrWidgetExtension.appex in Embed Foundation Extensions */ = {isa = PBXBuildFile; fileRef = A1C6DEEC2E33EA4D00E81A9E /* SubTrackrWidgetExtension.appex */; settings = {ATTRIBUTES = (RemoveHeadersOnCopy, ); }; };
/* End PBXBuildFile section */

/* Begin PBXContainerItemProxy section */
		A1466BD32E339FFA002FAA07 /* PBXContainerItemProxy */ = {
			isa = PBXContainerItemProxy;
			containerPortal = A1466BB92E339FF9002FAA07 /* Project object */;
			proxyType = 1;
			remoteGlobalIDString = A1466BC02E339FF9002FAA07;
			remoteInfo = SubTrackr;
		};
		A1466BDD2E339FFA002FAA07 /* PBXContainerItemProxy */ = {
			isa = PBXContainerItemProxy;
			containerPortal = A1466BB92E339FF9002FAA07 /* Project object */;
			proxyType = 1;
			remoteGlobalIDString = A1466BC02E339FF9002FAA07;
			remoteInfo = SubTrackr;
		};
		A1C6DF002E33EA4F00E81A9E /* PBXContainerItemProxy */ = {
			isa = PBXContainerItemProxy;
			containerPortal = A1466BB92E339FF9002FAA07 /* Project object */;
			proxyType = 1;
			remoteGlobalIDString = A1C6DEEB2E33EA4D00E81A9E;
			remoteInfo = SubTrackrWidgetExtension;
		};
/* End PBXContainerItemProxy section */

/* Begin PBXCopyFilesBuildPhase section */
		A1C6DF032E33EA4F00E81A9E /* Embed Foundation Extensions */ = {
			isa = PBXCopyFilesBuildPhase;
			buildActionMask = 2147483647;
			dstPath = "";
			dstSubfolderSpec = 13;
			files = (
				A1C6DF022E33EA4F00E81A9E /* SubTrackrWidgetExtension.appex in Embed Foundation Extensions */,
			);
			name = "Embed Foundation Extensions";
			runOnlyForDeploymentPostprocessing = 0;
		};
/* End PBXCopyFilesBuildPhase section */

/* Begin PBXFileReference section */
		A1466BC12E339FF9002FAA07 /* SubTrackr.app */ = {isa = PBXFileReference; explicitFileType = wrapper.application; includeInIndex = 0; path = SubTrackr.app; sourceTree = BUILT_PRODUCTS_DIR; };
		A1466BD22E339FFA002FAA07 /* SubTrackrTests.xctest */ = {isa = PBXFileReference; explicitFileType = wrapper.cfbundle; includeInIndex = 0; path = SubTrackrTests.xctest; sourceTree = BUILT_PRODUCTS_DIR; };
		A1466BDC2E339FFA002FAA07 /* SubTrackrUITests.xctest */ = {isa = PBXFileReference; explicitFileType = wrapper.cfbundle; includeInIndex = 0; path = SubTrackrUITests.xctest; sourceTree = BUILT_PRODUCTS_DIR; };
		A1C6DEEC2E33EA4D00E81A9E /* SubTrackrWidgetExtension.appex */ = {isa = PBXFileReference; explicitFileType = "wrapper.app-extension"; includeInIndex = 0; path = SubTrackrWidgetExtension.appex; sourceTree = BUILT_PRODUCTS_DIR; };
		A1C6DEEE2E33EA4D00E81A9E /* WidgetKit.framework */ = {isa = PBXFileReference; lastKnownFileType = wrapper.framework; name = WidgetKit.framework; path = System/Library/Frameworks/WidgetKit.framework; sourceTree = SDKROOT; };
		A1C6DEF02E33EA4D00E81A9E /* SwiftUI.framework */ = {isa = PBXFileReference; lastKnownFileType = wrapper.framework; name = SwiftUI.framework; path = System/Library/Frameworks/SwiftUI.framework; sourceTree = SDKROOT; };
/* End PBXFileReference section */

/* Begin PBXFileSystemSynchronizedBuildFileExceptionSet section */
		A1466BE42E339FFA002FAA07 /* Exceptions for "SubTrackr" folder in "SubTrackr" target */ = {
			isa = PBXFileSystemSynchronizedBuildFileExceptionSet;
			membershipExceptions = (
				Info.plist,
			);
			target = A1466BC02E339FF9002FAA07 /* SubTrackr */;
		};
		A1C6DF072E33EA4F00E81A9E /* Exceptions for "SubTrackrWidget" folder in "SubTrackrWidgetExtension" target */ = {
			isa = PBXFileSystemSynchronizedBuildFileExceptionSet;
			membershipExceptions = (
				Info.plist,
			);
			target = A1C6DEEB2E33EA4D00E81A9E /* SubTrackrWidgetExtension */;
		};
/* End PBXFileSystemSynchronizedBuildFileExceptionSet section */

/* Begin PBXFileSystemSynchronizedRootGroup section */
		A1466BC32E339FF9002FAA07 /* SubTrackr */ = {
			isa = PBXFileSystemSynchronizedRootGroup;
			exceptions = (
				A1466BE42E339FFA002FAA07 /* Exceptions for "SubTrackr" folder in "SubTrackr" target */,
			);
			path = SubTrackr;
			sourceTree = "<group>";
		};
		A1466BD52E339FFA002FAA07 /* SubTrackrTests */ = {
			isa = PBXFileSystemSynchronizedRootGroup;
			path = SubTrackrTests;
			sourceTree = "<group>";
		};
		A1466BDF2E339FFA002FAA07 /* SubTrackrUITests */ = {
			isa = PBXFileSystemSynchronizedRootGroup;
			path = SubTrackrUITests;
			sourceTree = "<group>";
		};
		A1C6DEF22E33EA4D00E81A9E /* SubTrackrWidget */ = {
			isa = PBXFileSystemSynchronizedRootGroup;
			exceptions = (
				A1C6DF072E33EA4F00E81A9E /* Exceptions for "SubTrackrWidget" folder in "SubTrackrWidgetExtension" target */,
			);
			path = SubTrackrWidget;
			sourceTree = "<group>";
		};
/* End PBXFileSystemSynchronizedRootGroup section */

/* Begin PBXFrameworksBuildPhase section */
		A1466BBE2E339FF9002FAA07 /* Frameworks */ = {
			isa = PBXFrameworksBuildPhase;
			buildActionMask = 2147483647;
			files = (
			);
			runOnlyForDeploymentPostprocessing = 0;
		};
		A1466BCF2E339FFA002FAA07 /* Frameworks */ = {
			isa = PBXFrameworksBuildPhase;
			buildActionMask = 2147483647;
			files = (
			);
			runOnlyForDeploymentPostprocessing = 0;
		};
		A1466BD92E339FFA002FAA07 /* Frameworks */ = {
			isa = PBXFrameworksBuildPhase;
			buildActionMask = 2147483647;
			files = (
			);
			runOnlyForDeploymentPostprocessing = 0;
		};
		A1C6DEE92E33EA4D00E81A9E /* Frameworks */ = {
			isa = PBXFrameworksBuildPhase;
			buildActionMask = 2147483647;
			files = (
				A1C6DEF12E33EA4D00E81A9E /* SwiftUI.framework in Frameworks */,
				A1C6DEEF2E33EA4D00E81A9E /* WidgetKit.framework in Frameworks */,
			);
			runOnlyForDeploymentPostprocessing = 0;
		};
/* End PBXFrameworksBuildPhase section */

/* Begin PBXGroup section */
		A1466BB82E339FF9002FAA07 = {
			isa = PBXGroup;
			children = (
				A1466BC32E339FF9002FAA07 /* SubTrackr */,
				A1466BD52E339FFA002FAA07 /* SubTrackrTests */,
				A1466BDF2E339FFA002FAA07 /* SubTrackrUITests */,
				A1C6DEF22E33EA4D00E81A9E /* SubTrackrWidget */,
				A1C6DEED2E33EA4D00E81A9E /* Frameworks */,
				A1466BC22E339FF9002FAA07 /* Products */,
			);
			sourceTree = "<group>";
		};
		A1466BC22E339FF9002FAA07 /* Products */ = {
			isa = PBXGroup;
			children = (
				A1466BC12E339FF9002FAA07 /* SubTrackr.app */,
				A1466BD22E339FFA002FAA07 /* SubTrackrTests.xctest */,
				A1466BDC2E339FFA002FAA07 /* SubTrackrUITests.xctest */,
				A1C6DEEC2E33EA4D00E81A9E /* SubTrackrWidgetExtension.appex */,
			);
			name = Products;
			sourceTree = "<group>";
		};
		A1C6DEED2E33EA4D00E81A9E /* Frameworks */ = {
			isa = PBXGroup;
			children = (
				A1C6DEEE2E33EA4D00E81A9E /* WidgetKit.framework */,
				A1C6DEF02E33EA4D00E81A9E /* SwiftUI.framework */,
			);
			name = Frameworks;
			sourceTree = "<group>";
		};
/* End PBXGroup section */

/* Begin PBXNativeTarget section */
		A1466BC02E339FF9002FAA07 /* SubTrackr */ = {
			isa = PBXNativeTarget;
			buildConfigurationList = A1466BE52E339FFA002FAA07 /* Build configuration list for PBXNativeTarget "SubTrackr" */;
			buildPhases = (
				A1466BBD2E339FF9002FAA07 /* Sources */,
				A1466BBE2E339FF9002FAA07 /* Frameworks */,
				A1466BBF2E339FF9002FAA07 /* Resources */,
				A1C6DF032E33EA4F00E81A9E /* Embed Foundation Extensions */,
			);
			buildRules = (
			);
			dependencies = (
				A1C6DF012E33EA4F00E81A9E /* PBXTargetDependency */,
			);
			fileSystemSynchronizedGroups = (
				A1466BC32E339FF9002FAA07 /* SubTrackr */,
			);
			name = SubTrackr;
			packageProductDependencies = (
			);
			productName = SubTrackr;
			productReference = A1466BC12E339FF9002FAA07 /* SubTrackr.app */;
			productType = "com.apple.product-type.application";
		};
		A1466BD12E339FFA002FAA07 /* SubTrackrTests */ = {
			isa = PBXNativeTarget;
			buildConfigurationList = A1466BEA2E339FFA002FAA07 /* Build configuration list for PBXNativeTarget "SubTrackrTests" */;
			buildPhases = (
				A1466BCE2E339FFA002FAA07 /* Sources */,
				A1466BCF2E339FFA002FAA07 /* Frameworks */,
				A1466BD02E339FFA002FAA07 /* Resources */,
			);
			buildRules = (
			);
			dependencies = (
				A1466BD42E339FFA002FAA07 /* PBXTargetDependency */,
			);
			fileSystemSynchronizedGroups = (
				A1466BD52E339FFA002FAA07 /* SubTrackrTests */,
			);
			name = SubTrackrTests;
			packageProductDependencies = (
			);
			productName = SubTrackrTests;
			productReference = A1466BD22E339FFA002FAA07 /* SubTrackrTests.xctest */;
			productType = "com.apple.product-type.bundle.unit-test";
		};
		A1466BDB2E339FFA002FAA07 /* SubTrackrUITests */ = {
			isa = PBXNativeTarget;
			buildConfigurationList = A1466BED2E339FFA002FAA07 /* Build configuration list for PBXNativeTarget "SubTrackrUITests" */;
			buildPhases = (
				A1466BD82E339FFA002FAA07 /* Sources */,
				A1466BD92E339FFA002FAA07 /* Frameworks */,
				A1466BDA2E339FFA002FAA07 /* Resources */,
			);
			buildRules = (
			);
			dependencies = (
				A1466BDE2E339FFA002FAA07 /* PBXTargetDependency */,
			);
			fileSystemSynchronizedGroups = (
				A1466BDF2E339FFA002FAA07 /* SubTrackrUITests */,
			);
			name = SubTrackrUITests;
			packageProductDependencies = (
			);
			productName = SubTrackrUITests;
			productReference = A1466BDC2E339FFA002FAA07 /* SubTrackrUITests.xctest */;
			productType = "com.apple.product-type.bundle.ui-testing";
		};
		A1C6DEEB2E33EA4D00E81A9E /* SubTrackrWidgetExtension */ = {
			isa = PBXNativeTarget;
			buildConfigurationList = A1C6DF062E33EA4F00E81A9E /* Build configuration list for PBXNativeTarget "SubTrackrWidgetExtension" */;
			buildPhases = (
				A1C6DEE82E33EA4D00E81A9E /* Sources */,
				A1C6DEE92E33EA4D00E81A9E /* Frameworks */,
				A1C6DEEA2E33EA4D00E81A9E /* Resources */,
			);
			buildRules = (
			);
			dependencies = (
			);
			fileSystemSynchronizedGroups = (
				A1C6DEF22E33EA4D00E81A9E /* SubTrackrWidget */,
			);
			name = SubTrackrWidgetExtension;
			packageProductDependencies = (
			);
			productName = SubTrackrWidgetExtension;
			productReference = A1C6DEEC2E33EA4D00E81A9E /* SubTrackrWidgetExtension.appex */;
			productType = "com.apple.product-type.app-extension";
		};
/* End PBXNativeTarget section */

/* Begin PBXProject section */
		A1466BB92E339FF9002FAA07 /* Project object */ = {
			isa = PBXProject;
			attributes = {
				BuildIndependentTargetsInParallel = 1;
				LastSwiftUpdateCheck = 1640;
				LastUpgradeCheck = 1640;
				TargetAttributes = {
					A1466BC02E339FF9002FAA07 = {
						CreatedOnToolsVersion = 16.4;
					};
					A1466BD12E339FFA002FAA07 = {
						CreatedOnToolsVersion = 16.4;
						TestTargetID = A1466BC02E339FF9002FAA07;
					};
					A1466BDB2E339FFA002FAA07 = {
						CreatedOnToolsVersion = 16.4;
						TestTargetID = A1466BC02E339FF9002FAA07;
					};
					A1C6DEEB2E33EA4D00E81A9E = {
						CreatedOnToolsVersion = 16.4;
					};
				};
			};
			buildConfigurationList = A1466BBC2E339FF9002FAA07 /* Build configuration list for PBXProject "SubTrackr" */;
			developmentRegion = en;
			hasScannedForEncodings = 0;
			knownRegions = (
				en,
				Base,
			);
			mainGroup = A1466BB82E339FF9002FAA07;
			minimizedProjectReferenceProxies = 1;
			preferredProjectObjectVersion = 77;
			productRefGroup = A1466BC22E339FF9002FAA07 /* Products */;
			projectDirPath = "";
			projectRoot = "";
			targets = (
				A1466BC02E339FF9002FAA07 /* SubTrackr */,
				A1466BD12E339FFA002FAA07 /* SubTrackrTests */,
				A1466BDB2E339FFA002FAA07 /* SubTrackrUITests */,
				A1C6DEEB2E33EA4D00E81A9E /* SubTrackrWidgetExtension */,
			);
		};
/* End PBXProject section */

/* Begin PBXResourcesBuildPhase section */
		A1466BBF2E339FF9002FAA07 /* Resources */ = {
			isa = PBXResourcesBuildPhase;
			buildActionMask = 2147483647;
			files = (
			);
			runOnlyForDeploymentPostprocessing = 0;
		};
		A1466BD02E339FFA002FAA07 /* Resources */ = {
			isa = PBXResourcesBuildPhase;
			buildActionMask = 2147483647;
			files = (
			);
			runOnlyForDeploymentPostprocessing = 0;
		};
		A1466BDA2E339FFA002FAA07 /* Resources */ = {
			isa = PBXResourcesBuildPhase;
			buildActionMask = 2147483647;
			files = (
			);
			runOnlyForDeploymentPostprocessing = 0;
		};
		A1C6DEEA2E33EA4D00E81A9E /* Resources */ = {
			isa = PBXResourcesBuildPhase;
			buildActionMask = 2147483647;
			files = (
			);
			runOnlyForDeploymentPostprocessing = 0;
		};
/* End PBXResourcesBuildPhase section */

/* Begin PBXSourcesBuildPhase section */
		A1466BBD2E339FF9002FAA07 /* Sources */ = {
			isa = PBXSourcesBuildPhase;
			buildActionMask = 2147483647;
			files = (
			);
			runOnlyForDeploymentPostprocessing = 0;
		};
		A1466BCE2E339FFA002FAA07 /* Sources */ = {
			isa = PBXSourcesBuildPhase;
			buildActionMask = 2147483647;
			files = (
			);
			runOnlyForDeploymentPostprocessing = 0;
		};
		A1466BD82E339FFA002FAA07 /* Sources */ = {
			isa = PBXSourcesBuildPhase;
			buildActionMask = 2147483647;
			files = (
			);
			runOnlyForDeploymentPostprocessing = 0;
		};
		A1C6DEE82E33EA4D00E81A9E /* Sources */ = {
			isa = PBXSourcesBuildPhase;
			buildActionMask = 2147483647;
			files = (
			);
			runOnlyForDeploymentPostprocessing = 0;
		};
/* End PBXSourcesBuildPhase section */

/* Begin PBXTargetDependency section */
		A1466BD42E339FFA002FAA07 /* PBXTargetDependency */ = {
			isa = PBXTargetDependency;
			target = A1466BC02E339FF9002FAA07 /* SubTrackr */;
			targetProxy = A1466BD32E339FFA002FAA07 /* PBXContainerItemProxy */;
		};
		A1466BDE2E339FFA002FAA07 /* PBXTargetDependency */ = {
			isa = PBXTargetDependency;
			target = A1466BC02E339FF9002FAA07 /* SubTrackr */;
			targetProxy = A1466BDD2E339FFA002FAA07 /* PBXContainerItemProxy */;
		};
		A1C6DF012E33EA4F00E81A9E /* PBXTargetDependency */ = {
			isa = PBXTargetDependency;
			target = A1C6DEEB2E33EA4D00E81A9E /* SubTrackrWidgetExtension */;
			targetProxy = A1C6DF002E33EA4F00E81A9E /* PBXContainerItemProxy */;
		};
/* End PBXTargetDependency section */

/* Begin XCBuildConfiguration section */
		A1466BE62E339FFA002FAA07 /* Debug */ = {
			isa = XCBuildConfiguration;
			buildSettings = {
				ASSETCATALOG_COMPILER_APPICON_NAME = AppIcon;
				ASSETCATALOG_COMPILER_GLOBAL_ACCENT_COLOR_NAME = AccentColor;
				CODE_SIGN_ENTITLEMENTS = SubTrackr/SubTrackr.entitlements;
				CODE_SIGN_STYLE = Automatic;
				CURRENT_PROJECT_VERSION = 1;
				DEVELOPMENT_TEAM = Q6Q46HQ9H2;
				ENABLE_HARDENED_RUNTIME = YES;
				ENABLE_PREVIEWS = YES;
				GENERATE_INFOPLIST_FILE = YES;
				INFOPLIST_FILE = SubTrackr/Info.plist;
				"INFOPLIST_KEY_UIApplicationSceneManifest_Generation[sdk=iphoneos*]" = YES;
				"INFOPLIST_KEY_UIApplicationSceneManifest_Generation[sdk=iphonesimulator*]" = YES;
				"INFOPLIST_KEY_UIApplicationSupportsIndirectInputEvents[sdk=iphoneos*]" = YES;
				"INFOPLIST_KEY_UIApplicationSupportsIndirectInputEvents[sdk=iphonesimulator*]" = YES;
				"INFOPLIST_KEY_UILaunchScreen_Generation[sdk=iphoneos*]" = YES;
				"INFOPLIST_KEY_UILaunchScreen_Generation[sdk=iphonesimulator*]" = YES;
				"INFOPLIST_KEY_UIStatusBarStyle[sdk=iphoneos*]" = UIStatusBarStyleDefault;
				"INFOPLIST_KEY_UIStatusBarStyle[sdk=iphonesimulator*]" = UIStatusBarStyleDefault;
				INFOPLIST_KEY_UISupportedInterfaceOrientations_iPad = "UIInterfaceOrientationPortrait UIInterfaceOrientationPortraitUpsideDown UIInterfaceOrientationLandscapeLeft UIInterfaceOrientationLandscapeRight";
				INFOPLIST_KEY_UISupportedInterfaceOrientations_iPhone = "UIInterfaceOrientationPortrait UIInterfaceOrientationLandscapeLeft UIInterfaceOrientationLandscapeRight";
				IPHONEOS_DEPLOYMENT_TARGET = 18.5;
				LD_RUNPATH_SEARCH_PATHS = "@executable_path/Frameworks";
				"LD_RUNPATH_SEARCH_PATHS[sdk=macosx*]" = "@executable_path/../Frameworks";
				MACOSX_DEPLOYMENT_TARGET = 14.0;
				MARKETING_VERSION = 1.0;
				PRODUCT_BUNDLE_IDENTIFIER = iden.SubTrackr;
				PRODUCT_NAME = "$(TARGET_NAME)";
				REGISTER_APP_GROUPS = YES;
				SDKROOT = auto;
				SUPPORTED_PLATFORMS = "iphoneos iphonesimulator macosx xros xrsimulator";
				SWIFT_EMIT_LOC_STRINGS = YES;
				SWIFT_VERSION = 5.0;
				TARGETED_DEVICE_FAMILY = "1,2,7";
				XROS_DEPLOYMENT_TARGET = 2.5;
			};
			name = Debug;
		};
		A1466BE72E339FFA002FAA07 /* Release */ = {
			isa = XCBuildConfiguration;
			buildSettings = {
				ASSETCATALOG_COMPILER_APPICON_NAME = AppIcon;
				ASSETCATALOG_COMPILER_GLOBAL_ACCENT_COLOR_NAME = AccentColor;
				CODE_SIGN_ENTITLEMENTS = SubTrackr/SubTrackr.entitlements;
				CODE_SIGN_STYLE = Automatic;
				CURRENT_PROJECT_VERSION = 1;
				DEVELOPMENT_TEAM = Q6Q46HQ9H2;
				ENABLE_HARDENED_RUNTIME = YES;
				ENABLE_PREVIEWS = YES;
				GENERATE_INFOPLIST_FILE = YES;
				INFOPLIST_FILE = SubTrackr/Info.plist;
				"INFOPLIST_KEY_UIApplicationSceneManifest_Generation[sdk=iphoneos*]" = YES;
				"INFOPLIST_KEY_UIApplicationSceneManifest_Generation[sdk=iphonesimulator*]" = YES;
				"INFOPLIST_KEY_UIApplicationSupportsIndirectInputEvents[sdk=iphoneos*]" = YES;
				"INFOPLIST_KEY_UIApplicationSupportsIndirectInputEvents[sdk=iphonesimulator*]" = YES;
				"INFOPLIST_KEY_UILaunchScreen_Generation[sdk=iphoneos*]" = YES;
				"INFOPLIST_KEY_UILaunchScreen_Generation[sdk=iphonesimulator*]" = YES;
				"INFOPLIST_KEY_UIStatusBarStyle[sdk=iphoneos*]" = UIStatusBarStyleDefault;
				"INFOPLIST_KEY_UIStatusBarStyle[sdk=iphonesimulator*]" = UIStatusBarStyleDefault;
				INFOPLIST_KEY_UISupportedInterfaceOrientations_iPad = "UIInterfaceOrientationPortrait UIInterfaceOrientationPortraitUpsideDown UIInterfaceOrientationLandscapeLeft UIInterfaceOrientationLandscapeRight";
				INFOPLIST_KEY_UISupportedInterfaceOrientations_iPhone = "UIInterfaceOrientationPortrait UIInterfaceOrientationLandscapeLeft UIInterfaceOrientationLandscapeRight";
				IPHONEOS_DEPLOYMENT_TARGET = 18.5;
				LD_RUNPATH_SEARCH_PATHS = "@executable_path/Frameworks";
				"LD_RUNPATH_SEARCH_PATHS[sdk=macosx*]" = "@executable_path/../Frameworks";
				MACOSX_DEPLOYMENT_TARGET = 14.0;
				MARKETING_VERSION = 1.0;
				PRODUCT_BUNDLE_IDENTIFIER = iden.SubTrackr;
				PRODUCT_NAME = "$(TARGET_NAME)";
				REGISTER_APP_GROUPS = YES;
				SDKROOT = auto;
				SUPPORTED_PLATFORMS = "iphoneos iphonesimulator macosx xros xrsimulator";
				SWIFT_EMIT_LOC_STRINGS = YES;
				SWIFT_VERSION = 5.0;
				TARGETED_DEVICE_FAMILY = "1,2,7";
				XROS_DEPLOYMENT_TARGET = 2.5;
			};
			name = Release;
		};
		A1466BE82E339FFA002FAA07 /* Debug */ = {
			isa = XCBuildConfiguration;
			buildSettings = {
				ALWAYS_SEARCH_USER_PATHS = NO;
				ASSETCATALOG_COMPILER_GENERATE_SWIFT_ASSET_SYMBOL_EXTENSIONS = YES;
				CLANG_ANALYZER_NONNULL = YES;
				CLANG_ANALYZER_NUMBER_OBJECT_CONVERSION = YES_AGGRESSIVE;
				CLANG_CXX_LANGUAGE_STANDARD = "gnu++20";
				CLANG_ENABLE_MODULES = YES;
				CLANG_ENABLE_OBJC_ARC = YES;
				CLANG_ENABLE_OBJC_WEAK = YES;
				CLANG_WARN_BLOCK_CAPTURE_AUTORELEASING = YES;
				CLANG_WARN_BOOL_CONVERSION = YES;
				CLANG_WARN_COMMA = YES;
				CLANG_WARN_CONSTANT_CONVERSION = YES;
				CLANG_WARN_DEPRECATED_OBJC_IMPLEMENTATIONS = YES;
				CLANG_WARN_DIRECT_OBJC_ISA_USAGE = YES_ERROR;
				CLANG_WARN_DOCUMENTATION_COMMENTS = YES;
				CLANG_WARN_EMPTY_BODY = YES;
				CLANG_WARN_ENUM_CONVERSION = YES;
				CLANG_WARN_INFINITE_RECURSION = YES;
				CLANG_WARN_INT_CONVERSION = YES;
				CLANG_WARN_NON_LITERAL_NULL_CONVERSION = YES;
				CLANG_WARN_OBJC_IMPLICIT_RETAIN_SELF = YES;
				CLANG_WARN_OBJC_LITERAL_CONVERSION = YES;
				CLANG_WARN_OBJC_ROOT_CLASS = YES_ERROR;
				CLANG_WARN_QUOTED_INCLUDE_IN_FRAMEWORK_HEADER = YES;
				CLANG_WARN_RANGE_LOOP_ANALYSIS = YES;
				CLANG_WARN_STRICT_PROTOTYPES = YES;
				CLANG_WARN_SUSPICIOUS_MOVE = YES;
				CLANG_WARN_UNGUARDED_AVAILABILITY = YES_AGGRESSIVE;
				CLANG_WARN_UNREACHABLE_CODE = YES;
				CLANG_WARN__DUPLICATE_METHOD_MATCH = YES;
				COPY_PHASE_STRIP = NO;
				DEBUG_INFORMATION_FORMAT = dwarf;
				DEVELOPMENT_TEAM = Q6Q46HQ9H2;
				ENABLE_STRICT_OBJC_MSGSEND = YES;
				ENABLE_TESTABILITY = YES;
				ENABLE_USER_SCRIPT_SANDBOXING = YES;
				GCC_C_LANGUAGE_STANDARD = gnu17;
				GCC_DYNAMIC_NO_PIC = NO;
				GCC_NO_COMMON_BLOCKS = YES;
				GCC_OPTIMIZATION_LEVEL = 0;
				GCC_PREPROCESSOR_DEFINITIONS = (
					"DEBUG=1",
					"$(inherited)",
				);
				GCC_WARN_64_TO_32_BIT_CONVERSION = YES;
				GCC_WARN_ABOUT_RETURN_TYPE = YES_ERROR;
				GCC_WARN_UNDECLARED_SELECTOR = YES;
				GCC_WARN_UNINITIALIZED_AUTOS = YES_AGGRESSIVE;
				GCC_WARN_UNUSED_FUNCTION = YES;
				GCC_WARN_UNUSED_VARIABLE = YES;
				LOCALIZATION_PREFERS_STRING_CATALOGS = YES;
				MTL_ENABLE_DEBUG_INFO = INCLUDE_SOURCE;
				MTL_FAST_MATH = YES;
				ONLY_ACTIVE_ARCH = YES;
				SWIFT_ACTIVE_COMPILATION_CONDITIONS = "DEBUG $(inherited)";
				SWIFT_OPTIMIZATION_LEVEL = "-Onone";
			};
			name = Debug;
		};
		A1466BE92E339FFA002FAA07 /* Release */ = {
			isa = XCBuildConfiguration;
			buildSettings = {
				ALWAYS_SEARCH_USER_PATHS = NO;
				ASSETCATALOG_COMPILER_GENERATE_SWIFT_ASSET_SYMBOL_EXTENSIONS = YES;
				CLANG_ANALYZER_NONNULL = YES;
				CLANG_ANALYZER_NUMBER_OBJECT_CONVERSION = YES_AGGRESSIVE;
				CLANG_CXX_LANGUAGE_STANDARD = "gnu++20";
				CLANG_ENABLE_MODULES = YES;
				CLANG_ENABLE_OBJC_ARC = YES;
				CLANG_ENABLE_OBJC_WEAK = YES;
				CLANG_WARN_BLOCK_CAPTURE_AUTORELEASING = YES;
				CLANG_WARN_BOOL_CONVERSION = YES;
				CLANG_WARN_COMMA = YES;
				CLANG_WARN_CONSTANT_CONVERSION = YES;
				CLANG_WARN_DEPRECATED_OBJC_IMPLEMENTATIONS = YES;
				CLANG_WARN_DIRECT_OBJC_ISA_USAGE = YES_ERROR;
				CLANG_WARN_DOCUMENTATION_COMMENTS = YES;
				CLANG_WARN_EMPTY_BODY = YES;
				CLANG_WARN_ENUM_CONVERSION = YES;
				CLANG_WARN_INFINITE_RECURSION = YES;
				CLANG_WARN_INT_CONVERSION = YES;
				CLANG_WARN_NON_LITERAL_NULL_CONVERSION = YES;
				CLANG_WARN_OBJC_IMPLICIT_RETAIN_SELF = YES;
				CLANG_WARN_OBJC_LITERAL_CONVERSION = YES;
				CLANG_WARN_OBJC_ROOT_CLASS = YES_ERROR;
				CLANG_WARN_QUOTED_INCLUDE_IN_FRAMEWORK_HEADER = YES;
				CLANG_WARN_RANGE_LOOP_ANALYSIS = YES;
				CLANG_WARN_STRICT_PROTOTYPES = YES;
				CLANG_WARN_SUSPICIOUS_MOVE = YES;
				CLANG_WARN_UNGUARDED_AVAILABILITY = YES_AGGRESSIVE;
				CLANG_WARN_UNREACHABLE_CODE = YES;
				CLANG_WARN__DUPLICATE_METHOD_MATCH = YES;
				COPY_PHASE_STRIP = NO;
				DEBUG_INFORMATION_FORMAT = "dwarf-with-dsym";
				DEVELOPMENT_TEAM = Q6Q46HQ9H2;
				ENABLE_NS_ASSERTIONS = NO;
				ENABLE_STRICT_OBJC_MSGSEND = YES;
				ENABLE_USER_SCRIPT_SANDBOXING = YES;
				GCC_C_LANGUAGE_STANDARD = gnu17;
				GCC_NO_COMMON_BLOCKS = YES;
				GCC_WARN_64_TO_32_BIT_CONVERSION = YES;
				GCC_WARN_ABOUT_RETURN_TYPE = YES_ERROR;
				GCC_WARN_UNDECLARED_SELECTOR = YES;
				GCC_WARN_UNINITIALIZED_AUTOS = YES_AGGRESSIVE;
				GCC_WARN_UNUSED_FUNCTION = YES;
				GCC_WARN_UNUSED_VARIABLE = YES;
				LOCALIZATION_PREFERS_STRING_CATALOGS = YES;
				MTL_ENABLE_DEBUG_INFO = NO;
				MTL_FAST_MATH = YES;
				SWIFT_COMPILATION_MODE = wholemodule;
			};
			name = Release;
		};
		A1466BEB2E339FFA002FAA07 /* Debug */ = {
			isa = XCBuildConfiguration;
			buildSettings = {
				BUNDLE_LOADER = "$(TEST_HOST)";
				CODE_SIGN_STYLE = Automatic;
				CURRENT_PROJECT_VERSION = 1;
				DEVELOPMENT_TEAM = Q6Q46HQ9H2;
				GENERATE_INFOPLIST_FILE = YES;
				IPHONEOS_DEPLOYMENT_TARGET = 18.5;
				MACOSX_DEPLOYMENT_TARGET = 15.5;
				MARKETING_VERSION = 1.0;
				PRODUCT_BUNDLE_IDENTIFIER = iden.SubTrackrTests;
				PRODUCT_NAME = "$(TARGET_NAME)";
				SDKROOT = auto;
				SUPPORTED_PLATFORMS = "iphoneos iphonesimulator macosx xros xrsimulator";
				SWIFT_EMIT_LOC_STRINGS = NO;
				SWIFT_VERSION = 5.0;
				TARGETED_DEVICE_FAMILY = "1,2,7";
				TEST_HOST = "$(BUILT_PRODUCTS_DIR)/SubTrackr.app/$(BUNDLE_EXECUTABLE_FOLDER_PATH)/SubTrackr";
				XROS_DEPLOYMENT_TARGET = 2.5;
			};
			name = Debug;
		};
		A1466BEC2E339FFA002FAA07 /* Release */ = {
			isa = XCBuildConfiguration;
			buildSettings = {
				BUNDLE_LOADER = "$(TEST_HOST)";
				CODE_SIGN_STYLE = Automatic;
				CURRENT_PROJECT_VERSION = 1;
				DEVELOPMENT_TEAM = Q6Q46HQ9H2;
				GENERATE_INFOPLIST_FILE = YES;
				IPHONEOS_DEPLOYMENT_TARGET = 18.5;
				MACOSX_DEPLOYMENT_TARGET = 15.5;
				MARKETING_VERSION = 1.0;
				PRODUCT_BUNDLE_IDENTIFIER = iden.SubTrackrTests;
				PRODUCT_NAME = "$(TARGET_NAME)";
				SDKROOT = auto;
				SUPPORTED_PLATFORMS = "iphoneos iphonesimulator macosx xros xrsimulator";
				SWIFT_EMIT_LOC_STRINGS = NO;
				SWIFT_VERSION = 5.0;
				TARGETED_DEVICE_FAMILY = "1,2,7";
				TEST_HOST = "$(BUILT_PRODUCTS_DIR)/SubTrackr.app/$(BUNDLE_EXECUTABLE_FOLDER_PATH)/SubTrackr";
				XROS_DEPLOYMENT_TARGET = 2.5;
			};
			name = Release;
		};
		A1466BEE2E339FFA002FAA07 /* Debug */ = {
			isa = XCBuildConfiguration;
			buildSettings = {
				CODE_SIGN_STYLE = Automatic;
				CURRENT_PROJECT_VERSION = 1;
				DEVELOPMENT_TEAM = Q6Q46HQ9H2;
				GENERATE_INFOPLIST_FILE = YES;
				IPHONEOS_DEPLOYMENT_TARGET = 18.5;
				MACOSX_DEPLOYMENT_TARGET = 15.5;
				MARKETING_VERSION = 1.0;
				PRODUCT_BUNDLE_IDENTIFIER = iden.SubTrackrUITests;
				PRODUCT_NAME = "$(TARGET_NAME)";
				SDKROOT = auto;
				SUPPORTED_PLATFORMS = "iphoneos iphonesimulator macosx xros xrsimulator";
				SWIFT_EMIT_LOC_STRINGS = NO;
				SWIFT_VERSION = 5.0;
				TARGETED_DEVICE_FAMILY = "1,2,7";
				TEST_TARGET_NAME = SubTrackr;
				XROS_DEPLOYMENT_TARGET = 2.5;
			};
			name = Debug;
		};
		A1466BEF2E339FFA002FAA07 /* Release */ = {
			isa = XCBuildConfiguration;
			buildSettings = {
				CODE_SIGN_STYLE = Automatic;
				CURRENT_PROJECT_VERSION = 1;
				DEVELOPMENT_TEAM = Q6Q46HQ9H2;
				GENERATE_INFOPLIST_FILE = YES;
				IPHONEOS_DEPLOYMENT_TARGET = 18.5;
				MACOSX_DEPLOYMENT_TARGET = 15.5;
				MARKETING_VERSION = 1.0;
				PRODUCT_BUNDLE_IDENTIFIER = iden.SubTrackrUITests;
				PRODUCT_NAME = "$(TARGET_NAME)";
				SDKROOT = auto;
				SUPPORTED_PLATFORMS = "iphoneos iphonesimulator macosx xros xrsimulator";
				SWIFT_EMIT_LOC_STRINGS = NO;
				SWIFT_VERSION = 5.0;
				TARGETED_DEVICE_FAMILY = "1,2,7";
				TEST_TARGET_NAME = SubTrackr;
				XROS_DEPLOYMENT_TARGET = 2.5;
			};
			name = Release;
		};
		A1C6DF042E33EA4F00E81A9E /* Debug */ = {
			isa = XCBuildConfiguration;
			buildSettings = {
				ASSETCATALOG_COMPILER_GLOBAL_ACCENT_COLOR_NAME = AccentColor;
				ASSETCATALOG_COMPILER_WIDGET_BACKGROUND_COLOR_NAME = WidgetBackground;
				CODE_SIGN_STYLE = Automatic;
				CURRENT_PROJECT_VERSION = 1;
				DEVELOPMENT_TEAM = Q6Q46HQ9H2;
				GENERATE_INFOPLIST_FILE = YES;
				INFOPLIST_FILE = SubTrackrWidget/Info.plist;
				INFOPLIST_KEY_CFBundleDisplayName = SubTrackrWidget;
				INFOPLIST_KEY_NSHumanReadableCopyright = "";
				IPHONEOS_DEPLOYMENT_TARGET = 18.5;
				LD_RUNPATH_SEARCH_PATHS = (
					"$(inherited)",
					"@executable_path/Frameworks",
					"@executable_path/../../Frameworks",
				);
				MARKETING_VERSION = 1.0;
				PRODUCT_BUNDLE_IDENTIFIER = iden.SubTrackr.SubTrackrWidget;
				PRODUCT_NAME = "$(TARGET_NAME)";
				SDKROOT = iphoneos;
				SKIP_INSTALL = YES;
				SWIFT_EMIT_LOC_STRINGS = YES;
				SWIFT_VERSION = 5.0;
				TARGETED_DEVICE_FAMILY = "1,2";
			};
			name = Debug;
		};
		A1C6DF052E33EA4F00E81A9E /* Release */ = {
			isa = XCBuildConfiguration;
			buildSettings = {
				ASSETCATALOG_COMPILER_GLOBAL_ACCENT_COLOR_NAME = AccentColor;
				ASSETCATALOG_COMPILER_WIDGET_BACKGROUND_COLOR_NAME = WidgetBackground;
				CODE_SIGN_STYLE = Automatic;
				CURRENT_PROJECT_VERSION = 1;
				DEVELOPMENT_TEAM = Q6Q46HQ9H2;
				GENERATE_INFOPLIST_FILE = YES;
				INFOPLIST_FILE = SubTrackrWidget/Info.plist;
				INFOPLIST_KEY_CFBundleDisplayName = SubTrackrWidget;
				INFOPLIST_KEY_NSHumanReadableCopyright = "";
				IPHONEOS_DEPLOYMENT_TARGET = 18.5;
				LD_RUNPATH_SEARCH_PATHS = (
					"$(inherited)",
					"@executable_path/Frameworks",
					"@executable_path/../../Frameworks",
				);
				MARKETING_VERSION = 1.0;
				PRODUCT_BUNDLE_IDENTIFIER = iden.SubTrackr.SubTrackrWidget;
				PRODUCT_NAME = "$(TARGET_NAME)";
				SDKROOT = iphoneos;
				SKIP_INSTALL = YES;
				SWIFT_EMIT_LOC_STRINGS = YES;
				SWIFT_VERSION = 5.0;
				TARGETED_DEVICE_FAMILY = "1,2";
				VALIDATE_PRODUCT = YES;
			};
			name = Release;
		};
/* End XCBuildConfiguration section */

/* Begin XCConfigurationList section */
		A1466BBC2E339FF9002FAA07 /* Build configuration list for PBXProject "SubTrackr" */ = {
			isa = XCConfigurationList;
			buildConfigurations = (
				A1466BE82E339FFA002FAA07 /* Debug */,
				A1466BE92E339FFA002FAA07 /* Release */,
			);
			defaultConfigurationIsVisible = 0;
			defaultConfigurationName = Release;
		};
		A1466BE52E339FFA002FAA07 /* Build configuration list for PBXNativeTarget "SubTrackr" */ = {
			isa = XCConfigurationList;
			buildConfigurations = (
				A1466BE62E339FFA002FAA07 /* Debug */,
				A1466BE72E339FFA002FAA07 /* Release */,
			);
			defaultConfigurationIsVisible = 0;
			defaultConfigurationName = Release;
		};
		A1466BEA2E339FFA002FAA07 /* Build configuration list for PBXNativeTarget "SubTrackrTests" */ = {
			isa = XCConfigurationList;
			buildConfigurations = (
				A1466BEB2E339FFA002FAA07 /* Debug */,
				A1466BEC2E339FFA002FAA07 /* Release */,
			);
			defaultConfigurationIsVisible = 0;
			defaultConfigurationName = Release;
		};
		A1466BED2E339FFA002FAA07 /* Build configuration list for PBXNativeTarget "SubTrackrUITests" */ = {
			isa = XCConfigurationList;
			buildConfigurations = (
				A1466BEE2E339FFA002FAA07 /* Debug */,
				A1466BEF2E339FFA002FAA07 /* Release */,
			);
			defaultConfigurationIsVisible = 0;
			defaultConfigurationName = Release;
		};
		A1C6DF062E33EA4F00E81A9E /* Build configuration list for PBXNativeTarget "SubTrackrWidgetExtension" */ = {
			isa = XCConfigurationList;
			buildConfigurations = (
				A1C6DF042E33EA4F00E81A9E /* Debug */,
				A1C6DF052E33EA4F00E81A9E /* Release */,
			);
			defaultConfigurationIsVisible = 0;
			defaultConfigurationName = Release;
		};
/* End XCConfigurationList section */
	};
	rootObject = A1466BB92E339FF9002FAA07 /* Project object */;
}
